{
  "name": "obelus-gsap-animator",
  "version": "0.0.1",
  "lockfileVersion": 3,
  "requires": true,
  "packages": {
    "": {
      "name": "obelus-gsap-animator",
      "version": "0.0.1",
      "dependencies": {
        "gsap": "^3.14.2",
        "obelus": "^0.0.14"
      },
      "devDependencies": {
        "typescript": "^5.9.3"
      }
    },
    "node_modules/gsap": {
      "version": "3.14.2",
      "resolved": "https://registry.npmjs.org/gsap/-/gsap-3.14.2.tgz",
      "integrity": "sha512-P8/mMxVLU7o4+55+1TCnQrPmgjPKnwkzkXOK1asnR9Jg2lna4tEY5qBJjMmAaOBDDZWtlRjBXjLa0w53G/uBLA==",
      "license": "Standard 'no charge' license: https://gsap.com/standard-license."
    },
    "node_modules/obelus": {
      "version": "0.0.14",
      "resolved": "https://registry.npmjs.org/obelus/-/obelus-0.0.14.tgz",
      "integrity": "sha512-Wrig40O6OmvthZh/NO4d1hX6HmF/n404Dg7JXpuRN0pyhuxh7UwNJrlo2l0ycLFK7mmdCrkK0ZwmcDXiL9d45Q=="
    },
    "node_modules/typescript": {
      "version": "5.9.3",
      "resolved": "https://registry.npmjs.org/typescript/-/typescript-5.9.3.tgz",
      "integrity": "sha512-jl1vZzPDinLr9eUt3J/t7V6FgNEw9QjvBPdysz9KfQDD41fQrC2Y4vKQdiaUpFT4bXlb1RHhLpp8wtm6M5TgSw==",
      "dev": true,
      "license": "Apache-2.0",
      "bin": {
        "tsc": "bin/tsc",
        "tsserver": "bin/tsserver"
      },
      "engines": {
        "node": ">=14.17"
      }
    }
  }
}
